// !$*UTF8*$!
{
	archiveVersion = 1;
	classes = {
	};
	objectVersion = 50;
	objects = {

/* Begin PBXBuildFile section */
		BF02DA76262519B10028AE14 /* Drink_UpApp.swift in Sources */ = {isa = PBXBuildFile; fileRef = BF02DA63262519AF0028AE14 /* Drink_UpApp.swift */; };
		BF02DA77262519B10028AE14 /* Drink_UpApp.swift in Sources */ = {isa = PBXBuildFile; fileRef = BF02DA63262519AF0028AE14 /* Drink_UpApp.swift */; };
		BF02DA78262519B10028AE14 /* ContentView.swift in Sources */ = {isa = PBXBuildFile; fileRef = BF02DA64262519AF0028AE14 /* ContentView.swift */; };
		BF02DA79262519B10028AE14 /* ContentView.swift in Sources */ = {isa = PBXBuildFile; fileRef = BF02DA64262519AF0028AE14 /* ContentView.swift */; };
		BF02DA89262608290028AE14 /* Images.xcassets in Resources */ = {isa = PBXBuildFile; fileRef = BF02DA88262608290028AE14 /* Images.xcassets */; };
		BF02DA8A262608290028AE14 /* Images.xcassets in Resources */ = {isa = PBXBuildFile; fileRef = BF02DA88262608290028AE14 /* Images.xcassets */; };
		BF5DC6772627D12A00C31FB1 /* GameView.swift in Sources */ = {isa = PBXBuildFile; fileRef = BF5DC6762627D12A00C31FB1 /* GameView.swift */; };
		BF5DC6782627D12A00C31FB1 /* GameView.swift in Sources */ = {isa = PBXBuildFile; fileRef = BF5DC6762627D12A00C31FB1 /* GameView.swift */; };
		BF71D2E02627F62D00C81A86 /* MotherView.swift in Sources */ = {isa = PBXBuildFile; fileRef = BF71D2DF2627F62D00C81A86 /* MotherView.swift */; };
		BF71D2E12627F62D00C81A86 /* MotherView.swift in Sources */ = {isa = PBXBuildFile; fileRef = BF71D2DF2627F62D00C81A86 /* MotherView.swift */; };
		BF71D2E52627F69C00C81A86 /* Helper.swift in Sources */ = {isa = PBXBuildFile; fileRef = BF71D2E42627F69C00C81A86 /* Helper.swift */; };
		BF71D2E62627F69C00C81A86 /* Helper.swift in Sources */ = {isa = PBXBuildFile; fileRef = BF71D2E42627F69C00C81A86 /* Helper.swift */; };
		BF71D2EA2627F7A900C81A86 /* ViewRouter.swift in Sources */ = {isa = PBXBuildFile; fileRef = BF71D2E92627F7A900C81A86 /* ViewRouter.swift */; };
		BF71D2EB2627F7A900C81A86 /* ViewRouter.swift in Sources */ = {isa = PBXBuildFile; fileRef = BF71D2E92627F7A900C81A86 /* ViewRouter.swift */; };
		BF73BB402662A9B100911171 /* promptList.txt in Resources */ = {isa = PBXBuildFile; fileRef = BF73BB3F2662A9B100911171 /* promptList.txt */; };
		BF73BB412662A9B100911171 /* promptList.txt in Resources */ = {isa = PBXBuildFile; fileRef = BF73BB3F2662A9B100911171 /* promptList.txt */; };
		BFB4611E26442C5D00EF6A4F /* promptListTest.txt in Resources */ = {isa = PBXBuildFile; fileRef = BFB4611D26442C5D00EF6A4F /* promptListTest.txt */; };
		BFB4611F26442C5D00EF6A4F /* promptListTest.txt in Resources */ = {isa = PBXBuildFile; fileRef = BFB4611D26442C5D00EF6A4F /* promptListTest.txt */; };
/* End PBXBuildFile section */

/* Begin PBXFileReference section */
		BF02DA63262519AF0028AE14 /* Drink_UpApp.swift */ = {isa = PBXFileReference; lastKnownFileType = sourcecode.swift; path = Drink_UpApp.swift; sourceTree = "<group>"; };
		BF02DA64262519AF0028AE14 /* ContentView.swift */ = {isa = PBXFileReference; lastKnownFileType = sourcecode.swift; path = ContentView.swift; sourceTree = "<group>"; };
		BF02DA6A262519B10028AE14 /* Drink Up.app */ = {isa = PBXFileReference; explicitFileType = wrapper.application; includeInIndex = 0; path = "Drink Up.app"; sourceTree = BUILT_PRODUCTS_DIR; };
		BF02DA6D262519B10028AE14 /* Info.plist */ = {isa = PBXFileReference; lastKnownFileType = text.plist.xml; path = Info.plist; sourceTree = "<group>"; };
		BF02DA72262519B10028AE14 /* Drink Up.app */ = {isa = PBXFileReference; explicitFileType = wrapper.application; includeInIndex = 0; path = "Drink Up.app"; sourceTree = BUILT_PRODUCTS_DIR; };
		BF02DA74262519B10028AE14 /* Info.plist */ = {isa = PBXFileReference; lastKnownFileType = text.plist.xml; path = Info.plist; sourceTree = "<group>"; };
		BF02DA75262519B10028AE14 /* macOS.entitlements */ = {isa = PBXFileReference; lastKnownFileType = text.plist.entitlements; path = macOS.entitlements; sourceTree = "<group>"; };
		BF02DA88262608290028AE14 /* Images.xcassets */ = {isa = PBXFileReference; lastKnownFileType = folder.assetcatalog; path = Images.xcassets; sourceTree = "<group>"; };
		BF5DC6762627D12A00C31FB1 /* GameView.swift */ = {isa = PBXFileReference; lastKnownFileType = sourcecode.swift; path = GameView.swift; sourceTree = "<group>"; };
		BF71D2DF2627F62D00C81A86 /* MotherView.swift */ = {isa = PBXFileReference; lastKnownFileType = sourcecode.swift; path = MotherView.swift; sourceTree = "<group>"; };
		BF71D2E42627F69C00C81A86 /* Helper.swift */ = {isa = PBXFileReference; lastKnownFileType = sourcecode.swift; path = Helper.swift; sourceTree = "<group>"; };
		BF71D2E92627F7A900C81A86 /* ViewRouter.swift */ = {isa = PBXFileReference; lastKnownFileType = sourcecode.swift; path = ViewRouter.swift; sourceTree = "<group>"; };
		BF73BB3F2662A9B100911171 /* promptList.txt */ = {isa = PBXFileReference; fileEncoding = 4; lastKnownFileType = text; name = promptList.txt; path = Assets/promptList.txt; sourceTree = SOURCE_ROOT; };
		BFB4611D26442C5D00EF6A4F /* promptListTest.txt */ = {isa = PBXFileReference; fileEncoding = 4; lastKnownFileType = text; name = promptListTest.txt; path = Assets/promptListTest.txt; sourceTree = SOURCE_ROOT; };
/* End PBXFileReference section */

/* Begin PBXFrameworksBuildPhase section */
		BF02DA67262519B10028AE14 /* Frameworks */ = {
			isa = PBXFrameworksBuildPhase;
			buildActionMask = 2147483647;
			files = (
			);
			runOnlyForDeploymentPostprocessing = 0;
		};
		BF02DA6F262519B10028AE14 /* Frameworks */ = {
			isa = PBXFrameworksBuildPhase;
			buildActionMask = 2147483647;
			files = (
			);
			runOnlyForDeploymentPostprocessing = 0;
		};
/* End PBXFrameworksBuildPhase section */

/* Begin PBXGroup section */
		BF02DA5D262519AE0028AE14 = {
			isa = PBXGroup;
			children = (
				BF02DA62262519AF0028AE14 /* Shared */,
				BF02DA6C262519B10028AE14 /* iOS */,
				BF02DA73262519B10028AE14 /* macOS */,
				BF02DA6B262519B10028AE14 /* Products */,
			);
			sourceTree = "<group>";
		};
		BF02DA62262519AF0028AE14 /* Shared */ = {
			isa = PBXGroup;
			children = (
				BF02DA64262519AF0028AE14 /* ContentView.swift */,
				BF5DC6762627D12A00C31FB1 /* GameView.swift */,
				BF02DA63262519AF0028AE14 /* Drink_UpApp.swift */,
				BF71D2DF2627F62D00C81A86 /* MotherView.swift */,
				BF71D2E92627F7A900C81A86 /* ViewRouter.swift */,
				BF71D2E42627F69C00C81A86 /* Helper.swift */,
				BF02DA88262608290028AE14 /* Images.xcassets */,
				BF73BB3F2662A9B100911171 /* promptList.txt */,
				BFB4611D26442C5D00EF6A4F /* promptListTest.txt */,
			);
			path = Shared;
			sourceTree = "<group>";
		};
		BF02DA6B262519B10028AE14 /* Products */ = {
			isa = PBXGroup;
			children = (
				BF02DA6A262519B10028AE14 /* Drink Up.app */,
				BF02DA72262519B10028AE14 /* Drink Up.app */,
			);
			name = Products;
			sourceTree = "<group>";
		};
		BF02DA6C262519B10028AE14 /* iOS */ = {
			isa = PBXGroup;
			children = (
				BF02DA6D262519B10028AE14 /* Info.plist */,
			);
			path = iOS;
			sourceTree = "<group>";
		};
		BF02DA73262519B10028AE14 /* macOS */ = {
			isa = PBXGroup;
			children = (
				BF02DA74262519B10028AE14 /* Info.plist */,
				BF02DA75262519B10028AE14 /* macOS.entitlements */,
			);
			path = macOS;
			sourceTree = "<group>";
		};
/* End PBXGroup section */

/* Begin PBXNativeTarget section */
		BF02DA69262519B10028AE14 /* Drink Up (iOS) */ = {
			isa = PBXNativeTarget;
			buildConfigurationList = BF02DA7E262519B10028AE14 /* Build configuration list for PBXNativeTarget "Drink Up (iOS)" */;
			buildPhases = (
				BF02DA66262519B10028AE14 /* Sources */,
				BF02DA67262519B10028AE14 /* Frameworks */,
				BF02DA68262519B10028AE14 /* Resources */,
			);
			buildRules = (
			);
			dependencies = (
			);
			name = "Drink Up (iOS)";
			productName = "Drink Up (iOS)";
			productReference = BF02DA6A262519B10028AE14 /* Drink Up.app */;
			productType = "com.apple.product-type.application";
		};
		BF02DA71262519B10028AE14 /* Drink Up (macOS) */ = {
			isa = PBXNativeTarget;
			buildConfigurationList = BF02DA81262519B10028AE14 /* Build configuration list for PBXNativeTarget "Drink Up (macOS)" */;
			buildPhases = (
				BF02DA6E262519B10028AE14 /* Sources */,
				BF02DA6F262519B10028AE14 /* Frameworks */,
				BF02DA70262519B10028AE14 /* Resources */,
			);
			buildRules = (
			);
			dependencies = (
			);
			name = "Drink Up (macOS)";
			productName = "Drink Up (macOS)";
			productReference = BF02DA72262519B10028AE14 /* Drink Up.app */;
			productType = "com.apple.product-type.application";
		};
/* End PBXNativeTarget section */

/* Begin PBXProject section */
		BF02DA5E262519AE0028AE14 /* Project object */ = {
			isa = PBXProject;
			attributes = {
				LastSwiftUpdateCheck = 1240;
				LastUpgradeCheck = 1240;
				TargetAttributes = {
					BF02DA69262519B10028AE14 = {
						CreatedOnToolsVersion = 12.4;
					};
					BF02DA71262519B10028AE14 = {
						CreatedOnToolsVersion = 12.4;
					};
				};
			};
			buildConfigurationList = BF02DA61262519AE0028AE14 /* Build configuration list for PBXProject "Drink Up" */;
			compatibilityVersion = "Xcode 9.3";
			developmentRegion = en;
			hasScannedForEncodings = 0;
			knownRegions = (
				en,
				Base,
			);
			mainGroup = BF02DA5D262519AE0028AE14;
			productRefGroup = BF02DA6B262519B10028AE14 /* Products */;
			projectDirPath = "";
			projectRoot = "";
			targets = (
				BF02DA69262519B10028AE14 /* Drink Up (iOS) */,
				BF02DA71262519B10028AE14 /* Drink Up (macOS) */,
			);
		};
/* End PBXProject section */

/* Begin PBXResourcesBuildPhase section */
		BF02DA68262519B10028AE14 /* Resources */ = {
			isa = PBXResourcesBuildPhase;
			buildActionMask = 2147483647;
			files = (
				BFB4611E26442C5D00EF6A4F /* promptListTest.txt in Resources */,
				BF02DA89262608290028AE14 /* Images.xcassets in Resources */,
				BF73BB402662A9B100911171 /* promptList.txt in Resources */,
			);
			runOnlyForDeploymentPostprocessing = 0;
		};
		BF02DA70262519B10028AE14 /* Resources */ = {
			isa = PBXResourcesBuildPhase;
			buildActionMask = 2147483647;
			files = (
				BFB4611F26442C5D00EF6A4F /* promptListTest.txt in Resources */,
				BF02DA8A262608290028AE14 /* Images.xcassets in Resources */,
				BF73BB412662A9B100911171 /* promptList.txt in Resources */,
			);
			runOnlyForDeploymentPostprocessing = 0;
		};
/* End PBXResourcesBuildPhase section */

/* Begin PBXSourcesBuildPhase section */
		BF02DA66262519B10028AE14 /* Sources */ = {
			isa = PBXSourcesBuildPhase;
			buildActionMask = 2147483647;
			files = (
				BF02DA78262519B10028AE14 /* ContentView.swift in Sources */,
				BF71D2E02627F62D00C81A86 /* MotherView.swift in Sources */,
				BF71D2E52627F69C00C81A86 /* Helper.swift in Sources */,
				BF71D2EA2627F7A900C81A86 /* ViewRouter.swift in Sources */,
				BF5DC6772627D12A00C31FB1 /* GameView.swift in Sources */,
				BF02DA76262519B10028AE14 /* Drink_UpApp.swift in Sources */,
			);
			runOnlyForDeploymentPostprocessing = 0;
		};
		BF02DA6E262519B10028AE14 /* Sources */ = {
			isa = PBXSourcesBuildPhase;
			buildActionMask = 2147483647;
			files = (
				BF02DA79262519B10028AE14 /* ContentView.swift in Sources */,
				BF71D2E12627F62D00C81A86 /* MotherView.swift in Sources */,
				BF71D2E62627F69C00C81A86 /* Helper.swift in Sources */,
				BF71D2EB2627F7A900C81A86 /* ViewRouter.swift in Sources */,
				BF5DC6782627D12A00C31FB1 /* GameView.swift in Sources */,
				BF02DA77262519B10028AE14 /* Drink_UpApp.swift in Sources */,
			);
			runOnlyForDeploymentPostprocessing = 0;
		};
/* End PBXSourcesBuildPhase section */

/* Begin XCBuildConfiguration section */
		BF02DA7C262519B10028AE14 /* Debug */ = {
			isa = XCBuildConfiguration;
			buildSettings = {
				ALWAYS_SEARCH_USER_PATHS = NO;
				CLANG_ANALYZER_NONNULL = YES;
				CLANG_ANALYZER_NUMBER_OBJECT_CONVERSION = YES_AGGRESSIVE;
				CLANG_CXX_LANGUAGE_STANDARD = "gnu++14";
				CLANG_CXX_LIBRARY = "libc++";
				CLANG_ENABLE_MODULES = YES;
				CLANG_ENABLE_OBJC_ARC = YES;
				CLANG_ENABLE_OBJC_WEAK = YES;
				CLANG_WARN_BLOCK_CAPTURE_AUTORELEASING = YES;
				CLANG_WARN_BOOL_CONVERSION = YES;
				CLANG_WARN_COMMA = YES;
				CLANG_WARN_CONSTANT_CONVERSION = YES;
				CLANG_WARN_DEPRECATED_OBJC_IMPLEMENTATIONS = YES;
				CLANG_WARN_DIRECT_OBJC_ISA_USAGE = YES_ERROR;
				CLANG_WARN_DOCUMENTATION_COMMENTS = YES;
				CLANG_WARN_EMPTY_BODY = YES;
				CLANG_WARN_ENUM_CONVERSION = YES;
				CLANG_WARN_INFINITE_RECURSION = YES;
				CLANG_WARN_INT_CONVERSION = YES;
				CLANG_WARN_NON_LITERAL_NULL_CONVERSION = YES;
				CLANG_WARN_OBJC_IMPLICIT_RETAIN_SELF = YES;
				CLANG_WARN_OBJC_LITERAL_CONVERSION = YES;
				CLANG_WARN_OBJC_ROOT_CLASS = YES_ERROR;
				CLANG_WARN_QUOTED_INCLUDE_IN_FRAMEWORK_HEADER = YES;
				CLANG_WARN_RANGE_LOOP_ANALYSIS = YES;
				CLANG_WARN_STRICT_PROTOTYPES = YES;
				CLANG_WARN_SUSPICIOUS_MOVE = YES;
				CLANG_WARN_UNGUARDED_AVAILABILITY = YES_AGGRESSIVE;
				CLANG_WARN_UNREACHABLE_CODE = YES;
				CLANG_WARN__DUPLICATE_METHOD_MATCH = YES;
				COPY_PHASE_STRIP = NO;
				DEBUG_INFORMATION_FORMAT = dwarf;
				ENABLE_STRICT_OBJC_MSGSEND = YES;
				ENABLE_TESTABILITY = YES;
				GCC_C_LANGUAGE_STANDARD = gnu11;
				GCC_DYNAMIC_NO_PIC = NO;
				GCC_NO_COMMON_BLOCKS = YES;
				GCC_OPTIMIZATION_LEVEL = 0;
				GCC_PREPROCESSOR_DEFINITIONS = (
					"DEBUG=1",
					"$(inherited)",
				);
				GCC_WARN_64_TO_32_BIT_CONVERSION = YES;
				GCC_WARN_ABOUT_RETURN_TYPE = YES_ERROR;
				GCC_WARN_UNDECLARED_SELECTOR = YES;
				GCC_WARN_UNINITIALIZED_AUTOS = YES_AGGRESSIVE;
				GCC_WARN_UNUSED_FUNCTION = YES;
				GCC_WARN_UNUSED_VARIABLE = YES;
				MTL_ENABLE_DEBUG_INFO = INCLUDE_SOURCE;
				MTL_FAST_MATH = YES;
				ONLY_ACTIVE_ARCH = YES;
				SWIFT_ACTIVE_COMPILATION_CONDITIONS = DEBUG;
				SWIFT_OPTIMIZATION_LEVEL = "-Onone";
			};
			name = Debug;
		};
		BF02DA7D262519B10028AE14 /* Release */ = {
			isa = XCBuildConfiguration;
			buildSettings = {
				ALWAYS_SEARCH_USER_PATHS = NO;
				CLANG_ANALYZER_NONNULL = YES;
				CLANG_ANALYZER_NUMBER_OBJECT_CONVERSION = YES_AGGRESSIVE;
				CLANG_CXX_LANGUAGE_STANDARD = "gnu++14";
				CLANG_CXX_LIBRARY = "libc++";
				CLANG_ENABLE_MODULES = YES;
				CLANG_ENABLE_OBJC_ARC = YES;
				CLANG_ENABLE_OBJC_WEAK = YES;
				CLANG_WARN_BLOCK_CAPTURE_AUTORELEASING = YES;
				CLANG_WARN_BOOL_CONVERSION = YES;
				CLANG_WARN_COMMA = YES;
				CLANG_WARN_CONSTANT_CONVERSION = YES;
				CLANG_WARN_DEPRECATED_OBJC_IMPLEMENTATIONS = YES;
				CLANG_WARN_DIRECT_OBJC_ISA_USAGE = YES_ERROR;
				CLANG_WARN_DOCUMENTATION_COMMENTS = YES;
				CLANG_WARN_EMPTY_BODY = YES;
				CLANG_WARN_ENUM_CONVERSION = YES;
				CLANG_WARN_INFINITE_RECURSION = YES;
				CLANG_WARN_INT_CONVERSION = YES;
				CLANG_WARN_NON_LITERAL_NULL_CONVERSION = YES;
				CLANG_WARN_OBJC_IMPLICIT_RETAIN_SELF = YES;
				CLANG_WARN_OBJC_LITERAL_CONVERSION = YES;
				CLANG_WARN_OBJC_ROOT_CLASS = YES_ERROR;
				CLANG_WARN_QUOTED_INCLUDE_IN_FRAMEWORK_HEADER = YES;
				CLANG_WARN_RANGE_LOOP_ANALYSIS = YES;
				CLANG_WARN_STRICT_PROTOTYPES = YES;
				CLANG_WARN_SUSPICIOUS_MOVE = YES;
				CLANG_WARN_UNGUARDED_AVAILABILITY = YES_AGGRESSIVE;
				CLANG_WARN_UNREACHABLE_CODE = YES;
				CLANG_WARN__DUPLICATE_METHOD_MATCH = YES;
				COPY_PHASE_STRIP = NO;
				DEBUG_INFORMATION_FORMAT = "dwarf-with-dsym";
				ENABLE_NS_ASSERTIONS = NO;
				ENABLE_STRICT_OBJC_MSGSEND = YES;
				GCC_C_LANGUAGE_STANDARD = gnu11;
				GCC_NO_COMMON_BLOCKS = YES;
				GCC_WARN_64_TO_32_BIT_CONVERSION = YES;
				GCC_WARN_ABOUT_RETURN_TYPE = YES_ERROR;
				GCC_WARN_UNDECLARED_SELECTOR = YES;
				GCC_WARN_UNINITIALIZED_AUTOS = YES_AGGRESSIVE;
				GCC_WARN_UNUSED_FUNCTION = YES;
				GCC_WARN_UNUSED_VARIABLE = YES;
				MTL_ENABLE_DEBUG_INFO = NO;
				MTL_FAST_MATH = YES;
				SWIFT_COMPILATION_MODE = wholemodule;
				SWIFT_OPTIMIZATION_LEVEL = "-O";
			};
			name = Release;
		};
		BF02DA7F262519B10028AE14 /* Debug */ = {
			isa = XCBuildConfiguration;
			buildSettings = {
				ASSETCATALOG_COMPILER_APPICON_NAME = AppIcon;
				ASSETCATALOG_COMPILER_GLOBAL_ACCENT_COLOR_NAME = AccentColor;
				CODE_SIGN_STYLE = Automatic;
				DEVELOPMENT_TEAM = 33JT6C6AAG;
				ENABLE_PREVIEWS = YES;
				INFOPLIST_FILE = iOS/Info.plist;
				IPHONEOS_DEPLOYMENT_TARGET = 14.0;
				LD_RUNPATH_SEARCH_PATHS = (
					"$(inherited)",
					"@executable_path/Frameworks",
				);
				PRODUCT_BUNDLE_IDENTIFIER = "com.nickandrisin.Drink-Up";
				PRODUCT_NAME = "Drink Up";
				SDKROOT = iphoneos;
				SWIFT_VERSION = 5.0;
				TARGETED_DEVICE_FAMILY = "1,2";
			};
			name = Debug;
		};
		BF02DA80262519B10028AE14 /* Release */ = {
			isa = XCBuildConfiguration;
			buildSettings = {
				ASSETCATALOG_COMPILER_APPICON_NAME = AppIcon;
				ASSETCATALOG_COMPILER_GLOBAL_ACCENT_COLOR_NAME = AccentColor;
				CODE_SIGN_STYLE = Automatic;
				DEVELOPMENT_TEAM = 33JT6C6AAG;
				ENABLE_PREVIEWS = YES;
				INFOPLIST_FILE = iOS/Info.plist;
				IPHONEOS_DEPLOYMENT_TARGET = 14.0;
				LD_RUNPATH_SEARCH_PATHS = (
					"$(inherited)",
					"@executable_path/Frameworks",
				);
				PRODUCT_BUNDLE_IDENTIFIER = "com.nickandrisin.Drink-Up";
				PRODUCT_NAME = "Drink Up";
				SDKROOT = iphoneos;
				SWIFT_VERSION = 5.0;
				TARGETED_DEVICE_FAMILY = "1,2";
				VALIDATE_PRODUCT = YES;
			};
			name = Release;
		};
		BF02DA82262519B10028AE14 /* Debug */ = {
			isa = XCBuildConfiguration;
			buildSettings = {
				ASSETCATALOG_COMPILER_APPICON_NAME = AppIcon;
				ASSETCATALOG_COMPILER_GLOBAL_ACCENT_COLOR_NAME = AccentColor;
				CODE_SIGN_ENTITLEMENTS = macOS/macOS.entitlements;
				CODE_SIGN_STYLE = Automatic;
				COMBINE_HIDPI_IMAGES = YES;
				ENABLE_PREVIEWS = YES;
				INFOPLIST_FILE = macOS/Info.plist;
				LD_RUNPATH_SEARCH_PATHS = (
					"$(inherited)",
					"@executable_path/../Frameworks",
				);
				MACOSX_DEPLOYMENT_TARGET = 11.0;
				PRODUCT_BUNDLE_IDENTIFIER = "com.nickandrisin.Drink-Up";
				PRODUCT_NAME = "Drink Up";
				SDKROOT = macosx;
				SWIFT_VERSION = 5.0;
			};
			name = Debug;
		};
		BF02DA83262519B10028AE14 /* Release */ = {
			isa = XCBuildConfiguration;
			buildSettings = {
				ASSETCATALOG_COMPILER_APPICON_NAME = AppIcon;
				ASSETCATALOG_COMPILER_GLOBAL_ACCENT_COLOR_NAME = AccentColor;
				CODE_SIGN_ENTITLEMENTS = macOS/macOS.entitlements;
				CODE_SIGN_STYLE = Automatic;
				COMBINE_HIDPI_IMAGES = YES;
				ENABLE_PREVIEWS = YES;
				INFOPLIST_FILE = macOS/Info.plist;
				LD_RUNPATH_SEARCH_PATHS = (
					"$(inherited)",
					"@executable_path/../Frameworks",
				);
				MACOSX_DEPLOYMENT_TARGET = 11.0;
				PRODUCT_BUNDLE_IDENTIFIER = "com.nickandrisin.Drink-Up";
				PRODUCT_NAME = "Drink Up";
				SDKROOT = macosx;
				SWIFT_VERSION = 5.0;
			};
			name = Release;
		};
/* End XCBuildConfiguration section */

/* Begin XCConfigurationList section */
		BF02DA61262519AE0028AE14 /* Build configuration list for PBXProject "Drink Up" */ = {
			isa = XCConfigurationList;
			buildConfigurations = (
				BF02DA7C262519B10028AE14 /* Debug */,
				BF02DA7D262519B10028AE14 /* Release */,
			);
			defaultConfigurationIsVisible = 0;
			defaultConfigurationName = Release;
		};
		BF02DA7E262519B10028AE14 /* Build configuration list for PBXNativeTarget "Drink Up (iOS)" */ = {
			isa = XCConfigurationList;
			buildConfigurations = (
				BF02DA7F262519B10028AE14 /* Debug */,
				BF02DA80262519B10028AE14 /* Release */,
			);
			defaultConfigurationIsVisible = 0;
			defaultConfigurationName = Release;
		};
		BF02DA81262519B10028AE14 /* Build configuration list for PBXNativeTarget "Drink Up (macOS)" */ = {
			isa = XCConfigurationList;
			buildConfigurations = (
				BF02DA82262519B10028AE14 /* Debug */,
				BF02DA83262519B10028AE14 /* Release */,
			);
			defaultConfigurationIsVisible = 0;
			defaultConfigurationName = Release;
		};
/* End XCConfigurationList section */
	};
	rootObject = BF02DA5E262519AE0028AE14 /* Project object */;
}
